# THIS IS AN AUTOGENERATED FILE. DO NOT EDIT THIS FILE DIRECTLY.
# yarn lockfile v1


ddp-client@^0.1.2:
  version "0.1.2"
  resolved "https://registry.yarnpkg.com/ddp-client/-/ddp-client-0.1.2.tgz#f494f58d14f4333f660318b30182932ba3c4d795"
  dependencies:
    ejson "2.0.1"
    events "1.0.2"
    minimongo-cache "0.0.25"
    underscore "1.8.3"

ejson@2.0.1:
  version "2.0.1"
  resolved "https://registry.yarnpkg.com/ejson/-/ejson-2.0.1.tgz#fa99afad8ecc503d00b6d6bcc9d9959d5e1f3c5d"
  dependencies:
    underscore "1.7.x"

eventemitter3@^1.1.0:
  version "1.2.0"
  resolved "https://registry.yarnpkg.com/eventemitter3/-/eventemitter3-1.2.0.tgz#1c86991d816ad1e504750e73874224ecf3bec508"

events@1.0.2:
  version "1.0.2"
  resolved "https://registry.yarnpkg.com/events/-/events-1.0.2.tgz#75849dcfe93d10fb057c30055afdbd51d06a8e24"

lodash@~2.4.1:
  version "2.4.2"
  resolved "https://registry.yarnpkg.com/lodash/-/lodash-2.4.2.tgz#fadd834b9683073da179b3eae6d9c0d15053f73e"

minimongo-cache@0.0.25:
  version "0.0.25"
  resolved "https://registry.yarnpkg.com/minimongo-cache/-/minimongo-cache-0.0.25.tgz#ad4fb16376df051bd3b36220cb18f96510be2030"
  dependencies:
    eventemitter3 "^1.1.0"
    lodash "~2.4.1"

ultron@~1.1.0:
  version "1.1.0"
  resolved "https://registry.yarnpkg.com/ultron/-/ultron-1.1.0.tgz#b07a2e6a541a815fc6a34ccd4533baec307ca864"

underscore@1.7.x:
  version "1.7.0"
  resolved "https://registry.yarnpkg.com/underscore/-/underscore-1.7.0.tgz#6bbaf0877500d36be34ecaa584e0db9fef035209"

underscore@1.8.3:
  version "1.8.3"
  resolved "https://registry.yarnpkg.com/underscore/-/underscore-1.8.3.tgz#4f3fb53b106e6097fcf9cb4109f2a5e9bdfa5022"

ws@^2.2.0:
  version "2.2.0"
  resolved "https://registry.yarnpkg.com/ws/-/ws-2.2.0.tgz#3218a7b1ebd15a09c56bb12a3e943a960eb7bde5"
  dependencies:
    ultron "~1.1.0"
